
Microsoft Visual Studio Solution File, Format Version 12.00
# Visual Studio Version 17
VisualStudioVersion = 17.14.36518.9 d17.14
MinimumVisualStudioVersion = 10.0.40219.1
Project("{FAE04EC0-301F-11D3-BF4B-00C04F79EFBC}") = "Listory.Core", "src\Listory.Core\Listory.Core.csproj", "{C290AFF5-8E7C-4552-83AE-6FAE65E27139}"
EndProject
Project("{FAE04EC0-301F-11D3-BF4B-00C04F79EFBC}") = "Listory.Infrastructure", "src\Listory.Infrastructure\Listory.Infrastructure.csproj", "{14B667DE-7F84-490F-88EC-E5F57F7A9002}"
EndProject
Project("{FAE04EC0-301F-11D3-BF4B-00C04F79EFBC}") = "Listory.Desktop", "src\Listory.Desktop\Listory.Desktop.csproj", "{21FB02BE-31D2-4B6B-9100-4B28C0C46B1B}"
EndProject
Global
	GlobalSection(SolutionConfigurationPlatforms) = preSolution
		Debug|Any CPU = Debug|Any CPU
		Release|Any CPU = Release|Any CPU
	EndGlobalSection
	GlobalSection(ProjectConfigurationPlatforms) = postSolution
		{C290AFF5-8E7C-4552-83AE-6FAE65E27139}.Debug|Any CPU.ActiveCfg = Debug|Any CPU
		{C290AFF5-8E7C-4552-83AE-6FAE65E27139}.Debug|Any CPU.Build.0 = Debug|Any CPU
		{C290AFF5-8E7C-4552-83AE-6FAE65E27139}.Release|Any CPU.ActiveCfg = Release|Any CPU
		{C290AFF5-8E7C-4552-83AE-6FAE65E27139}.Release|Any CPU.Build.0 = Release|Any CPU
		{14B667DE-7F84-490F-88EC-E5F57F7A9002}.Debug|Any CPU.ActiveCfg = Debug|Any CPU
		{14B667DE-7F84-490F-88EC-E5F57F7A9002}.Debug|Any CPU.Build.0 = Debug|Any CPU
		{14B667DE-7F84-490F-88EC-E5F57F7A9002}.Release|Any CPU.ActiveCfg = Release|Any CPU
		{14B667DE-7F84-490F-88EC-E5F57F7A9002}.Release|Any CPU.Build.0 = Release|Any CPU
		{21FB02BE-31D2-4B6B-9100-4B28C0C46B1B}.Debug|Any CPU.ActiveCfg = Debug|Any CPU
		{21FB02BE-31D2-4B6B-9100-4B28C0C46B1B}.Debug|Any CPU.Build.0 = Debug|Any CPU
		{21FB02BE-31D2-4B6B-9100-4B28C0C46B1B}.Release|Any CPU.ActiveCfg = Release|Any CPU
		{21FB02BE-31D2-4B6B-9100-4B28C0C46B1B}.Release|Any CPU.Build.0 = Release|Any CPU
	EndGlobalSection
	GlobalSection(SolutionProperties) = preSolution
		HideSolutionNode = FALSE
	EndGlobalSection
	GlobalSection(ExtensibilityGlobals) = postSolution
		SolutionGuid = {775F852C-DBE6-4096-A48A-12659C11F641}
	EndGlobalSection
EndGlobal
